
Microsoft Visual Studio Solution File, Format Version 12.00
# Visual Studio 15
VisualStudioVersion = 15.0.27130.2027
MinimumVisualStudioVersion = 10.0.40219.1
Project("{FAE04EC0-301F-11D3-BF4B-00C04F79EFBC}") = "Rover.App", "Rover.App\Rover.App.csproj", "{435A2AE4-B59F-478D-AC75-3A543D61A5D4}"
EndProject
Project("{FAE04EC0-301F-11D3-BF4B-00C04F79EFBC}") = "Rover.BO", "Rover.BO\Rover.BO.csproj", "{BA6F3F41-1A40-482A-84A7-5EB67B817850}"
EndProject
Project("{FAE04EC0-301F-11D3-BF4B-00C04F79EFBC}") = "Rover.SL", "Rover.SL\Rover.SL.csproj", "{0F925CD7-67FB-4113-8E9E-5890C1D87C32}"
EndProject
Project("{FAE04EC0-301F-11D3-BF4B-00C04F79EFBC}") = "Rover.Test", "Rover.Test\Rover.Test.csproj", "{D1F7C7F6-27A8-4C8A-AEC2-4B50F50A4C73}"
EndProject
Global
	GlobalSection(SolutionConfigurationPlatforms) = preSolution
		Debug|Any CPU = Debug|Any CPU
		Release|Any CPU = Release|Any CPU
	EndGlobalSection
	GlobalSection(ProjectConfigurationPlatforms) = postSolution
		{435A2AE4-B59F-478D-AC75-3A543D61A5D4}.Debug|Any CPU.ActiveCfg = Debug|Any CPU
		{435A2AE4-B59F-478D-AC75-3A543D61A5D4}.Debug|Any CPU.Build.0 = Debug|Any CPU
		{435A2AE4-B59F-478D-AC75-3A543D61A5D4}.Release|Any CPU.ActiveCfg = Release|Any CPU
		{435A2AE4-B59F-478D-AC75-3A543D61A5D4}.Release|Any CPU.Build.0 = Release|Any CPU
		{BA6F3F41-1A40-482A-84A7-5EB67B817850}.Debug|Any CPU.ActiveCfg = Debug|Any CPU
		{BA6F3F41-1A40-482A-84A7-5EB67B817850}.Debug|Any CPU.Build.0 = Debug|Any CPU
		{BA6F3F41-1A40-482A-84A7-5EB67B817850}.Release|Any CPU.ActiveCfg = Release|Any CPU
		{BA6F3F41-1A40-482A-84A7-5EB67B817850}.Release|Any CPU.Build.0 = Release|Any CPU
		{0F925CD7-67FB-4113-8E9E-5890C1D87C32}.Debug|Any CPU.ActiveCfg = Debug|Any CPU
		{0F925CD7-67FB-4113-8E9E-5890C1D87C32}.Debug|Any CPU.Build.0 = Debug|Any CPU
		{0F925CD7-67FB-4113-8E9E-5890C1D87C32}.Release|Any CPU.ActiveCfg = Release|Any CPU
		{0F925CD7-67FB-4113-8E9E-5890C1D87C32}.Release|Any CPU.Build.0 = Release|Any CPU
		{D1F7C7F6-27A8-4C8A-AEC2-4B50F50A4C73}.Debug|Any CPU.ActiveCfg = Debug|Any CPU
		{D1F7C7F6-27A8-4C8A-AEC2-4B50F50A4C73}.Debug|Any CPU.Build.0 = Debug|Any CPU
		{D1F7C7F6-27A8-4C8A-AEC2-4B50F50A4C73}.Release|Any CPU.ActiveCfg = Release|Any CPU
		{D1F7C7F6-27A8-4C8A-AEC2-4B50F50A4C73}.Release|Any CPU.Build.0 = Release|Any CPU
	EndGlobalSection
	GlobalSection(SolutionProperties) = preSolution
		HideSolutionNode = FALSE
	EndGlobalSection
	GlobalSection(ExtensibilityGlobals) = postSolution
		SolutionGuid = {D740B06C-A24A-48AE-A95C-5BE451DE5DA3}
	EndGlobalSection
EndGlobal
